
Microsoft Visual Studio Solution File, Format Version 12.00
# Visual Studio Version 17
Project("{8BC9CEB8-8B4A-11D0-8D11-00A0C91BC942}") = "ALL_BUILD", "ALL_BUILD.vcxproj", "{2171222E-0093-3885-B027-1C20086019CB}"
	ProjectSection(ProjectDependencies) = postProject
		{C97B40CC-2351-3441-BECB-518413136B31} = {C97B40CC-2351-3441-BECB-518413136B31}
		{5D07B863-C20F-308E-A98B-79ABF3C9F113} = {5D07B863-C20F-308E-A98B-79ABF3C9F113}
		{465EC858-F89E-32F6-85F6-956F63FDEEC9} = {465EC858-F89E-32F6-85F6-956F63FDEEC9}
		{2150696E-84B8-36B6-A0D7-709E5CB22D11} = {2150696E-84B8-36B6-A0D7-709E5CB22D11}
		{66FDF7C5-B180-3178-B302-D7457041134A} = {66FDF7C5-B180-3178-B302-D7457041134A}
		{7C2501AF-3B62-3BF0-9F20-83661DEBE7A7} = {7C2501AF-3B62-3BF0-9F20-83661DEBE7A7}
		{44B42BDF-9F21-33F0-BD1D-585B31E65C0F} = {44B42BDF-9F21-33F0-BD1D-585B31E65C0F}
		{474431F0-80C3-3729-9C40-C0104371238A} = {474431F0-80C3-3729-9C40-C0104371238A}
		{D73DF633-8561-3ACA-9D29-463CD8BE5F3E} = {D73DF633-8561-3ACA-9D29-463CD8BE5F3E}
		{5FB43377-0015-3017-AE09-4E90D0694068} = {5FB43377-0015-3017-AE09-4E90D0694068}
		{21E66927-A23B-3214-B1E2-779957F3D42D} = {21E66927-A23B-3214-B1E2-779957F3D42D}
		{B5FC8C9B-80BF-3806-8B87-B0DCB1E7A24F} = {B5FC8C9B-80BF-3806-8B87-B0DCB1E7A24F}
		{6BB1EDC1-A222-3A63-8124-DDF942B379A6} = {6BB1EDC1-A222-3A63-8124-DDF942B379A6}
	EndProjectSection
EndProject
Project("{8BC9CEB8-8B4A-11D0-8D11-00A0C91BC942}") = "INSTALL", "INSTALL.vcxproj", "{AB0637C3-D891-3026-A0F8-32CE659F1867}"
	ProjectSection(ProjectDependencies) = postProject
		{2171222E-0093-3885-B027-1C20086019CB} = {2171222E-0093-3885-B027-1C20086019CB}
		{C97B40CC-2351-3441-BECB-518413136B31} = {C97B40CC-2351-3441-BECB-518413136B31}
	EndProjectSection
EndProject
Project("{8BC9CEB8-8B4A-11D0-8D11-00A0C91BC942}") = "RUN_TESTS", "RUN_TESTS.vcxproj", "{848ECE39-0A31-3D75-AD5F-D3866839BF12}"
	ProjectSection(ProjectDependencies) = postProject
		{C97B40CC-2351-3441-BECB-518413136B31} = {C97B40CC-2351-3441-BECB-518413136B31}
	EndProjectSection
EndProject
Project("{8BC9CEB8-8B4A-11D0-8D11-00A0C91BC942}") = "ZERO_CHECK", "ZERO_CHECK.vcxproj", "{C97B40CC-2351-3441-BECB-518413136B31}"
	ProjectSection(ProjectDependencies) = postProject
	EndProjectSection
EndProject
Project("{8BC9CEB8-8B4A-11D0-8D11-00A0C91BC942}") = "cpp_test", "cpp_test.vcxproj", "{5D07B863-C20F-308E-A98B-79ABF3C9F113}"
	ProjectSection(ProjectDependencies) = postProject
		{C97B40CC-2351-3441-BECB-518413136B31} = {C97B40CC-2351-3441-BECB-518413136B31}
	EndProjectSection
EndProject
Project("{8BC9CEB8-8B4A-11D0-8D11-00A0C91BC942}") = "example_client", "example_client.vcxproj", "{465EC858-F89E-32F6-85F6-956F63FDEEC9}"
	ProjectSection(ProjectDependencies) = postProject
		{C97B40CC-2351-3441-BECB-518413136B31} = {C97B40CC-2351-3441-BECB-518413136B31}
	EndProjectSection
EndProject
Project("{8BC9CEB8-8B4A-11D0-8D11-00A0C91BC942}") = "example_server", "example_server.vcxproj", "{2150696E-84B8-36B6-A0D7-709E5CB22D11}"
	ProjectSection(ProjectDependencies) = postProject
		{C97B40CC-2351-3441-BECB-518413136B31} = {C97B40CC-2351-3441-BECB-518413136B31}
	EndProjectSection
EndProject
Project("{8BC9CEB8-8B4A-11D0-8D11-00A0C91BC942}") = "example_tcp_echo_server", "example_tcp_echo_server.vcxproj", "{66FDF7C5-B180-3178-B302-D7457041134A}"
	ProjectSection(ProjectDependencies) = postProject
		{C97B40CC-2351-3441-BECB-518413136B31} = {C97B40CC-2351-3441-BECB-518413136B31}
	EndProjectSection
EndProject
Project("{8BC9CEB8-8B4A-11D0-8D11-00A0C91BC942}") = "liblo", "liblo.vcxproj", "{7C2501AF-3B62-3BF0-9F20-83661DEBE7A7}"
	ProjectSection(ProjectDependencies) = postProject
		{C97B40CC-2351-3441-BECB-518413136B31} = {C97B40CC-2351-3441-BECB-518413136B31}
	EndProjectSection
EndProject
Project("{8BC9CEB8-8B4A-11D0-8D11-00A0C91BC942}") = "nonblocking_server_example", "nonblocking_server_example.vcxproj", "{44B42BDF-9F21-33F0-BD1D-585B31E65C0F}"
	ProjectSection(ProjectDependencies) = postProject
		{C97B40CC-2351-3441-BECB-518413136B31} = {C97B40CC-2351-3441-BECB-518413136B31}
	EndProjectSection
EndProject
Project("{8BC9CEB8-8B4A-11D0-8D11-00A0C91BC942}") = "oscdump", "oscdump.vcxproj", "{474431F0-80C3-3729-9C40-C0104371238A}"
	ProjectSection(ProjectDependencies) = postProject
		{C97B40CC-2351-3441-BECB-518413136B31} = {C97B40CC-2351-3441-BECB-518413136B31}
	EndProjectSection
EndProject
Project("{8BC9CEB8-8B4A-11D0-8D11-00A0C91BC942}") = "oscsend", "oscsend.vcxproj", "{D73DF633-8561-3ACA-9D29-463CD8BE5F3E}"
	ProjectSection(ProjectDependencies) = postProject
		{C97B40CC-2351-3441-BECB-518413136B31} = {C97B40CC-2351-3441-BECB-518413136B31}
	EndProjectSection
EndProject
Project("{8BC9CEB8-8B4A-11D0-8D11-00A0C91BC942}") = "oscsendfile", "oscsendfile.vcxproj", "{5FB43377-0015-3017-AE09-4E90D0694068}"
	ProjectSection(ProjectDependencies) = postProject
		{C97B40CC-2351-3441-BECB-518413136B31} = {C97B40CC-2351-3441-BECB-518413136B31}
	EndProjectSection
EndProject
Project("{8BC9CEB8-8B4A-11D0-8D11-00A0C91BC942}") = "subtest", "subtest.vcxproj", "{21E66927-A23B-3214-B1E2-779957F3D42D}"
	ProjectSection(ProjectDependencies) = postProject
		{C97B40CC-2351-3441-BECB-518413136B31} = {C97B40CC-2351-3441-BECB-518413136B31}
	EndProjectSection
EndProject
Project("{8BC9CEB8-8B4A-11D0-8D11-00A0C91BC942}") = "test_bidirectional_tcp", "test_bidirectional_tcp.vcxproj", "{B5FC8C9B-80BF-3806-8B87-B0DCB1E7A24F}"
	ProjectSection(ProjectDependencies) = postProject
		{C97B40CC-2351-3441-BECB-518413136B31} = {C97B40CC-2351-3441-BECB-518413136B31}
	EndProjectSection
EndProject
Project("{8BC9CEB8-8B4A-11D0-8D11-00A0C91BC942}") = "testlo", "testlo.vcxproj", "{6BB1EDC1-A222-3A63-8124-DDF942B379A6}"
	ProjectSection(ProjectDependencies) = postProject
		{C97B40CC-2351-3441-BECB-518413136B31} = {C97B40CC-2351-3441-BECB-518413136B31}
	EndProjectSection
EndProject
Global
	GlobalSection(SolutionConfigurationPlatforms) = preSolution
		Debug|x64 = Debug|x64
	EndGlobalSection
	GlobalSection(ProjectConfigurationPlatforms) = postSolution
		{2171222E-0093-3885-B027-1C20086019CB}.Debug|x64.ActiveCfg = Debug|x64
		{2171222E-0093-3885-B027-1C20086019CB}.Debug|x64.Build.0 = Debug|x64
		{AB0637C3-D891-3026-A0F8-32CE659F1867}.Debug|x64.ActiveCfg = Debug|x64
		{848ECE39-0A31-3D75-AD5F-D3866839BF12}.Debug|x64.ActiveCfg = Debug|x64
		{C97B40CC-2351-3441-BECB-518413136B31}.Debug|x64.ActiveCfg = Debug|x64
		{C97B40CC-2351-3441-BECB-518413136B31}.Debug|x64.Build.0 = Debug|x64
		{5D07B863-C20F-308E-A98B-79ABF3C9F113}.Debug|x64.ActiveCfg = Debug|x64
		{5D07B863-C20F-308E-A98B-79ABF3C9F113}.Debug|x64.Build.0 = Debug|x64
		{465EC858-F89E-32F6-85F6-956F63FDEEC9}.Debug|x64.ActiveCfg = Debug|x64
		{465EC858-F89E-32F6-85F6-956F63FDEEC9}.Debug|x64.Build.0 = Debug|x64
		{2150696E-84B8-36B6-A0D7-709E5CB22D11}.Debug|x64.ActiveCfg = Debug|x64
		{2150696E-84B8-36B6-A0D7-709E5CB22D11}.Debug|x64.Build.0 = Debug|x64
		{66FDF7C5-B180-3178-B302-D7457041134A}.Debug|x64.ActiveCfg = Debug|x64
		{66FDF7C5-B180-3178-B302-D7457041134A}.Debug|x64.Build.0 = Debug|x64
		{7C2501AF-3B62-3BF0-9F20-83661DEBE7A7}.Debug|x64.ActiveCfg = Debug|x64
		{7C2501AF-3B62-3BF0-9F20-83661DEBE7A7}.Debug|x64.Build.0 = Debug|x64
		{44B42BDF-9F21-33F0-BD1D-585B31E65C0F}.Debug|x64.ActiveCfg = Debug|x64
		{44B42BDF-9F21-33F0-BD1D-585B31E65C0F}.Debug|x64.Build.0 = Debug|x64
		{474431F0-80C3-3729-9C40-C0104371238A}.Debug|x64.ActiveCfg = Debug|x64
		{474431F0-80C3-3729-9C40-C0104371238A}.Debug|x64.Build.0 = Debug|x64
		{D73DF633-8561-3ACA-9D29-463CD8BE5F3E}.Debug|x64.ActiveCfg = Debug|x64
		{D73DF633-8561-3ACA-9D29-463CD8BE5F3E}.Debug|x64.Build.0 = Debug|x64
		{5FB43377-0015-3017-AE09-4E90D0694068}.Debug|x64.ActiveCfg = Debug|x64
		{5FB43377-0015-3017-AE09-4E90D0694068}.Debug|x64.Build.0 = Debug|x64
		{21E66927-A23B-3214-B1E2-779957F3D42D}.Debug|x64.ActiveCfg = Debug|x64
		{21E66927-A23B-3214-B1E2-779957F3D42D}.Debug|x64.Build.0 = Debug|x64
		{B5FC8C9B-80BF-3806-8B87-B0DCB1E7A24F}.Debug|x64.ActiveCfg = Debug|x64
		{B5FC8C9B-80BF-3806-8B87-B0DCB1E7A24F}.Debug|x64.Build.0 = Debug|x64
		{6BB1EDC1-A222-3A63-8124-DDF942B379A6}.Debug|x64.ActiveCfg = Debug|x64
		{6BB1EDC1-A222-3A63-8124-DDF942B379A6}.Debug|x64.Build.0 = Debug|x64
	EndGlobalSection
	GlobalSection(ExtensibilityGlobals) = postSolution
		SolutionGuid = {A294597A-3778-3982-AA83-EFF0CB5C1F94}
	EndGlobalSection
	GlobalSection(ExtensibilityAddIns) = postSolution
	EndGlobalSection
EndGlobal
