<?xml version="1.0" encoding="utf-8"?>
<Project ToolsVersion="17.0" xmlns="http://schemas.microsoft.com/developer/msbuild/2003">
  <ItemGroup>
    <ClCompile Include="C:\liblo-0.32\src\address.c">
      <Filter>Source Files</Filter>
    </ClCompile>
    <ClCompile Include="C:\liblo-0.32\src\blob.c">
      <Filter>Source Files</Filter>
    </ClCompile>
    <ClCompile Include="C:\liblo-0.32\src\bundle.c">
      <Filter>Source Files</Filter>
    </ClCompile>
    <ClCompile Include="C:\liblo-0.32\src\message.c">
      <Filter>Source Files</Filter>
    </ClCompile>
    <ClCompile Include="C:\liblo-0.32\src\method.c">
      <Filter>Source Files</Filter>
    </ClCompile>
    <ClCompile Include="C:\liblo-0.32\src\pattern_match.c">
      <Filter>Source Files</Filter>
    </ClCompile>
    <ClCompile Include="C:\liblo-0.32\src\send.c">
      <Filter>Source Files</Filter>
    </ClCompile>
    <ClCompile Include="C:\liblo-0.32\src\server.c">
      <Filter>Source Files</Filter>
    </ClCompile>
    <ClCompile Include="C:\liblo-0.32\src\timetag.c">
      <Filter>Source Files</Filter>
    </ClCompile>
    <ClCompile Include="C:\liblo-0.32\src\version.c">
      <Filter>Source Files</Filter>
    </ClCompile>
    <ClCompile Include="C:\liblo-0.32\src\server_thread.c">
      <Filter>Source Files</Filter>
    </ClCompile>
  </ItemGroup>
  <ItemGroup>
    <CustomBuild Include="C:\liblo-0.32\cmake\CMakeLists.txt" />
  </ItemGroup>
  <ItemGroup>
    <Filter Include="Source Files">
      <UniqueIdentifier>{FF297E4F-050A-3EA0-B69E-569B8F4382C1}</UniqueIdentifier>
    </Filter>
  </ItemGroup>
</Project>
